version = 1
revision = 3
requires-python = "==3.14.*"

[[package]]
name = "stem"
version = "1.8.2"
source = { registry = "https://pypi.org/simple" }
sdist = { url = "https://files.pythonhosted.org/packages/94/c6/b2258155546f966744e78b9862f62bd2b8671b422bb9951a1330e4c8fd73/stem-1.8.2.tar.gz", hash = "sha256:83fb19ffd4c9f82207c006051480389f80af221a7e4783000aedec4e384eb582", size = 2859640, upload-time = "2023-06-06T06:37:21.251Z" }

[[package]]
name = "tamagonion"
version = "1.2.0"
source = { editable = "." }
dependencies = [
    { name = "stem" },
]

[package.metadata]
requires-dist = [{ name = "stem", specifier = "==1.8.2" }]
